
Microsoft Visual Studio Solution File, Format Version 12.00
# Visual Studio Version 17
VisualStudioVersion = 17.10.35122.118
MinimumVisualStudioVersion = 10.0.40219.1
Project("{FAE04EC0-301F-11D3-BF4B-00C04F79EFBC}") = "OutlookWebAddIn1", "OutlookWebAddIn1\OutlookWebAddIn1.csproj", "{97F0E853-5CA0-49F3-9127-DB96ECE9988B}"
EndProject
Project("{FAE04EC0-301F-11D3-BF4B-00C04F79EFBC}") = "OutlookWebAddIn1Web", "OutlookWebAddIn1Web\OutlookWebAddIn1Web.csproj", "{86FF772E-7744-4E86-BB78-B7CC3CDDB63E}"
EndProject
Global
	GlobalSection(SolutionConfigurationPlatforms) = preSolution
		Debug|Any CPU = Debug|Any CPU
		Release|Any CPU = Release|Any CPU
	EndGlobalSection
	GlobalSection(ProjectConfigurationPlatforms) = postSolution
		{97F0E853-5CA0-49F3-9127-DB96ECE9988B}.Debug|Any CPU.ActiveCfg = Debug|Any CPU
		{97F0E853-5CA0-49F3-9127-DB96ECE9988B}.Debug|Any CPU.Build.0 = Debug|Any CPU
		{97F0E853-5CA0-49F3-9127-DB96ECE9988B}.Debug|Any CPU.Deploy.0 = Debug|Any CPU
		{97F0E853-5CA0-49F3-9127-DB96ECE9988B}.Release|Any CPU.ActiveCfg = Release|Any CPU
		{97F0E853-5CA0-49F3-9127-DB96ECE9988B}.Release|Any CPU.Build.0 = Release|Any CPU
		{97F0E853-5CA0-49F3-9127-DB96ECE9988B}.Release|Any CPU.Deploy.0 = Release|Any CPU
		{86FF772E-7744-4E86-BB78-B7CC3CDDB63E}.Debug|Any CPU.ActiveCfg = Debug|Any CPU
		{86FF772E-7744-4E86-BB78-B7CC3CDDB63E}.Debug|Any CPU.Build.0 = Debug|Any CPU
		{86FF772E-7744-4E86-BB78-B7CC3CDDB63E}.Release|Any CPU.ActiveCfg = Release|Any CPU
		{86FF772E-7744-4E86-BB78-B7CC3CDDB63E}.Release|Any CPU.Build.0 = Release|Any CPU
	EndGlobalSection
	GlobalSection(SolutionProperties) = preSolution
		HideSolutionNode = FALSE
	EndGlobalSection
	GlobalSection(ExtensibilityGlobals) = postSolution
		SolutionGuid = {3D5F19F6-571D-409A-AA8F-A2375D92F3E5}
	EndGlobalSection
EndGlobal
