
Microsoft Visual Studio Solution File, Format Version 12.00
# Visual Studio Version 17
VisualStudioVersion = 17.5.002.0
MinimumVisualStudioVersion = 10.0.40219.1
Project("{9A19103F-16F7-4668-BE54-9A1E7A4F7556}") = "CMS_Addin_Web", "CMS_Addin_Web.csproj", "{C014B9BA-6C70-4549-AC3B-1FADCFF43CF2}"
EndProject
Global
	GlobalSection(SolutionConfigurationPlatforms) = preSolution
		Debug|Any CPU = Debug|Any CPU
		Release|Any CPU = Release|Any CPU
	EndGlobalSection
	GlobalSection(ProjectConfigurationPlatforms) = postSolution
		{C014B9BA-6C70-4549-AC3B-1FADCFF43CF2}.Debug|Any CPU.ActiveCfg = Debug|Any CPU
		{C014B9BA-6C70-4549-AC3B-1FADCFF43CF2}.Debug|Any CPU.Build.0 = Debug|Any CPU
		{C014B9BA-6C70-4549-AC3B-1FADCFF43CF2}.Release|Any CPU.ActiveCfg = Release|Any CPU
		{C014B9BA-6C70-4549-AC3B-1FADCFF43CF2}.Release|Any CPU.Build.0 = Release|Any CPU
	EndGlobalSection
	GlobalSection(SolutionProperties) = preSolution
		HideSolutionNode = FALSE
	EndGlobalSection
	GlobalSection(ExtensibilityGlobals) = postSolution
		SolutionGuid = {25DC608B-DB6F-4501-8AA7-112081AA0458}
	EndGlobalSection
EndGlobal
